
Microsoft Visual Studio Solution File, Format Version 12.00
# Visual Studio Version 17
VisualStudioVersion = 17.11.35327.3
MinimumVisualStudioVersion = 10.0.40219.1
Project("{FAE04EC0-301F-11D3-BF4B-00C04F79EFBC}") = "балахнин41", "балахнин41.csproj", "{AF48EFCE-6425-4C22-BC38-C93A20678316}"
EndProject
Global
	GlobalSection(SolutionConfigurationPlatforms) = preSolution
		Debug|Any CPU = Debug|Any CPU
		Release|Any CPU = Release|Any CPU
	EndGlobalSection
	GlobalSection(ProjectConfigurationPlatforms) = postSolution
		{AF48EFCE-6425-4C22-BC38-C93A20678316}.Debug|Any CPU.ActiveCfg = Debug|Any CPU
		{AF48EFCE-6425-4C22-BC38-C93A20678316}.Debug|Any CPU.Build.0 = Debug|Any CPU
		{AF48EFCE-6425-4C22-BC38-C93A20678316}.Release|Any CPU.ActiveCfg = Release|Any CPU
		{AF48EFCE-6425-4C22-BC38-C93A20678316}.Release|Any CPU.Build.0 = Release|Any CPU
	EndGlobalSection
	GlobalSection(SolutionProperties) = preSolution
		HideSolutionNode = FALSE
	EndGlobalSection
	GlobalSection(ExtensibilityGlobals) = postSolution
		SolutionGuid = {9B61D89C-2763-4268-B01F-D6F4E1D37389}
	EndGlobalSection
EndGlobal
